// !$*UTF8*$!
{
	archiveVersion = 1;
	classes = {
	};
	objectVersion = 56;
	objects = {

/* Begin PBXBuildFile section */
		7C06D0082B4C4FA5006FE17E /* AppDelegate.swift in Sources */ = {isa = PBXBuildFile; fileRef = 7C06D0072B4C4FA5006FE17E /* AppDelegate.swift */; };
		7C06D00A2B4C4FA5006FE17E /* SceneDelegate.swift in Sources */ = {isa = PBXBuildFile; fileRef = 7C06D0092B4C4FA5006FE17E /* SceneDelegate.swift */; };
		7C06D00C2B4C4FA5006FE17E /* TokenizationViewController.swift in Sources */ = {isa = PBXBuildFile; fileRef = 7C06D00B2B4C4FA5006FE17E /* TokenizationViewController.swift */; };
		7C06D0112B4C4FA7006FE17E /* Assets.xcassets in Resources */ = {isa = PBXBuildFile; fileRef = 7C06D0102B4C4FA7006FE17E /* Assets.xcassets */; };
		7C06D0142B4C4FA7006FE17E /* LaunchScreen.storyboard in Resources */ = {isa = PBXBuildFile; fileRef = 7C06D0122B4C4FA7006FE17E /* LaunchScreen.storyboard */; };
		7C06D0262B4C61ED006FE17E /* Tokenizer.swift in Sources */ = {isa = PBXBuildFile; fileRef = 7C06D01E2B4C61ED006FE17E /* Tokenizer.swift */; };
		7C06D0272B4C61ED006FE17E /* SpanishTokenizers.swift in Sources */ = {isa = PBXBuildFile; fileRef = 7C06D01F2B4C61ED006FE17E /* SpanishTokenizers.swift */; };
		7C06D0282B4C61ED006FE17E /* EnglishTokenizers.swift in Sources */ = {isa = PBXBuildFile; fileRef = 7C06D0202B4C61ED006FE17E /* EnglishTokenizers.swift */; };
		7C06D0292B4C61ED006FE17E /* TokenizationService.swift in Sources */ = {isa = PBXBuildFile; fileRef = 7C06D0212B4C61ED006FE17E /* TokenizationService.swift */; };
		7C06D02A2B4C61ED006FE17E /* String.swift in Sources */ = {isa = PBXBuildFile; fileRef = 7C06D0232B4C61ED006FE17E /* String.swift */; };
		7C06D02B2B4C61ED006FE17E /* SupportedLanguages.swift in Sources */ = {isa = PBXBuildFile; fileRef = 7C06D0252B4C61ED006FE17E /* SupportedLanguages.swift */; };
		7C06D0322B4C6276006FE17E /* TokenizationPresenter.swift in Sources */ = {isa = PBXBuildFile; fileRef = 7C06D0312B4C6276006FE17E /* TokenizationPresenter.swift */; };
		7C06D0342B4C6280006FE17E /* TokenizationInteractor.swift in Sources */ = {isa = PBXBuildFile; fileRef = 7C06D0332B4C6280006FE17E /* TokenizationInteractor.swift */; };
		7C06D0362B4C7EC2006FE17E /* TokenizationModuleFactory.swift in Sources */ = {isa = PBXBuildFile; fileRef = 7C06D0352B4C7EC2006FE17E /* TokenizationModuleFactory.swift */; };
/* End PBXBuildFile section */

/* Begin PBXFileReference section */
		7C06D0042B4C4FA5006FE17E /* Articula.app */ = {isa = PBXFileReference; explicitFileType = wrapper.application; includeInIndex = 0; path = Articula.app; sourceTree = BUILT_PRODUCTS_DIR; };
		7C06D0072B4C4FA5006FE17E /* AppDelegate.swift */ = {isa = PBXFileReference; lastKnownFileType = sourcecode.swift; path = AppDelegate.swift; sourceTree = "<group>"; };
		7C06D0092B4C4FA5006FE17E /* SceneDelegate.swift */ = {isa = PBXFileReference; lastKnownFileType = sourcecode.swift; path = SceneDelegate.swift; sourceTree = "<group>"; };
		7C06D00B2B4C4FA5006FE17E /* TokenizationViewController.swift */ = {isa = PBXFileReference; lastKnownFileType = sourcecode.swift; path = TokenizationViewController.swift; sourceTree = "<group>"; };
		7C06D0102B4C4FA7006FE17E /* Assets.xcassets */ = {isa = PBXFileReference; lastKnownFileType = folder.assetcatalog; path = Assets.xcassets; sourceTree = "<group>"; };
		7C06D0132B4C4FA7006FE17E /* Base */ = {isa = PBXFileReference; lastKnownFileType = file.storyboard; name = Base; path = Base.lproj/LaunchScreen.storyboard; sourceTree = "<group>"; };
		7C06D0152B4C4FA7006FE17E /* Info.plist */ = {isa = PBXFileReference; lastKnownFileType = text.plist.xml; path = Info.plist; sourceTree = "<group>"; };
		7C06D01E2B4C61ED006FE17E /* Tokenizer.swift */ = {isa = PBXFileReference; fileEncoding = 4; lastKnownFileType = sourcecode.swift; path = Tokenizer.swift; sourceTree = "<group>"; };
		7C06D01F2B4C61ED006FE17E /* SpanishTokenizers.swift */ = {isa = PBXFileReference; fileEncoding = 4; lastKnownFileType = sourcecode.swift; path = SpanishTokenizers.swift; sourceTree = "<group>"; };
		7C06D0202B4C61ED006FE17E /* EnglishTokenizers.swift */ = {isa = PBXFileReference; fileEncoding = 4; lastKnownFileType = sourcecode.swift; path = EnglishTokenizers.swift; sourceTree = "<group>"; };
		7C06D0212B4C61ED006FE17E /* TokenizationService.swift */ = {isa = PBXFileReference; fileEncoding = 4; lastKnownFileType = sourcecode.swift; path = TokenizationService.swift; sourceTree = "<group>"; };
		7C06D0232B4C61ED006FE17E /* String.swift */ = {isa = PBXFileReference; fileEncoding = 4; lastKnownFileType = sourcecode.swift; path = String.swift; sourceTree = "<group>"; };
		7C06D0252B4C61ED006FE17E /* SupportedLanguages.swift */ = {isa = PBXFileReference; fileEncoding = 4; lastKnownFileType = sourcecode.swift; path = SupportedLanguages.swift; sourceTree = "<group>"; };
		7C06D0312B4C6276006FE17E /* TokenizationPresenter.swift */ = {isa = PBXFileReference; fileEncoding = 4; lastKnownFileType = sourcecode.swift; path = TokenizationPresenter.swift; sourceTree = "<group>"; };
		7C06D0332B4C6280006FE17E /* TokenizationInteractor.swift */ = {isa = PBXFileReference; fileEncoding = 4; lastKnownFileType = sourcecode.swift; path = TokenizationInteractor.swift; sourceTree = "<group>"; };
		7C06D0352B4C7EC2006FE17E /* TokenizationModuleFactory.swift */ = {isa = PBXFileReference; lastKnownFileType = sourcecode.swift; path = TokenizationModuleFactory.swift; sourceTree = "<group>"; };
/* End PBXFileReference section */

/* Begin PBXFrameworksBuildPhase section */
		7C06D0012B4C4FA5006FE17E /* Frameworks */ = {
			isa = PBXFrameworksBuildPhase;
			buildActionMask = 2147483647;
			files = (
			);
			runOnlyForDeploymentPostprocessing = 0;
		};
/* End PBXFrameworksBuildPhase section */

/* Begin PBXGroup section */
		7C06CFFB2B4C4FA5006FE17E = {
			isa = PBXGroup;
			children = (
				7C06D0062B4C4FA5006FE17E /* Articula */,
				7C06D0052B4C4FA5006FE17E /* Products */,
			);
			sourceTree = "<group>";
		};
		7C06D0052B4C4FA5006FE17E /* Products */ = {
			isa = PBXGroup;
			children = (
				7C06D0042B4C4FA5006FE17E /* Articula.app */,
			);
			name = Products;
			sourceTree = "<group>";
		};
		7C06D0062B4C4FA5006FE17E /* Articula */ = {
			isa = PBXGroup;
			children = (
				7C06D0302B4C6269006FE17E /* Core */,
				7C06D0222B4C61ED006FE17E /* Extensions */,
				7C06D0242B4C61ED006FE17E /* Helpers */,
				7C06D01B2B4C61ED006FE17E /* Services */,
				7C06D02C2B4C624B006FE17E /* Scenes */,
				7C06D0102B4C4FA7006FE17E /* Assets.xcassets */,
				7C06D0152B4C4FA7006FE17E /* Info.plist */,
			);
			path = Articula;
			sourceTree = "<group>";
		};
		7C06D01B2B4C61ED006FE17E /* Services */ = {
			isa = PBXGroup;
			children = (
				7C06D01C2B4C61ED006FE17E /* WordTokenizationService */,
			);
			path = Services;
			sourceTree = "<group>";
		};
		7C06D01C2B4C61ED006FE17E /* WordTokenizationService */ = {
			isa = PBXGroup;
			children = (
				7C06D01D2B4C61ED006FE17E /* Tokenizers */,
				7C06D0212B4C61ED006FE17E /* TokenizationService.swift */,
			);
			path = WordTokenizationService;
			sourceTree = "<group>";
		};
		7C06D01D2B4C61ED006FE17E /* Tokenizers */ = {
			isa = PBXGroup;
			children = (
				7C06D01E2B4C61ED006FE17E /* Tokenizer.swift */,
				7C06D01F2B4C61ED006FE17E /* SpanishTokenizers.swift */,
				7C06D0202B4C61ED006FE17E /* EnglishTokenizers.swift */,
			);
			path = Tokenizers;
			sourceTree = "<group>";
		};
		7C06D0222B4C61ED006FE17E /* Extensions */ = {
			isa = PBXGroup;
			children = (
				7C06D0232B4C61ED006FE17E /* String.swift */,
			);
			path = Extensions;
			sourceTree = "<group>";
		};
		7C06D0242B4C61ED006FE17E /* Helpers */ = {
			isa = PBXGroup;
			children = (
				7C06D0252B4C61ED006FE17E /* SupportedLanguages.swift */,
			);
			path = Helpers;
			sourceTree = "<group>";
		};
		7C06D02C2B4C624B006FE17E /* Scenes */ = {
			isa = PBXGroup;
			children = (
				7C06D02F2B4C6259006FE17E /* Interactor */,
				7C06D02E2B4C6257006FE17E /* Presenter */,
				7C06D02D2B4C6254006FE17E /* UserInterface */,
				7C06D0352B4C7EC2006FE17E /* TokenizationModuleFactory.swift */,
			);
			path = Scenes;
			sourceTree = "<group>";
		};
		7C06D02D2B4C6254006FE17E /* UserInterface */ = {
			isa = PBXGroup;
			children = (
				7C06D00B2B4C4FA5006FE17E /* TokenizationViewController.swift */,
			);
			path = UserInterface;
			sourceTree = "<group>";
		};
		7C06D02E2B4C6257006FE17E /* Presenter */ = {
			isa = PBXGroup;
			children = (
				7C06D0312B4C6276006FE17E /* TokenizationPresenter.swift */,
			);
			path = Presenter;
			sourceTree = "<group>";
		};
		7C06D02F2B4C6259006FE17E /* Interactor */ = {
			isa = PBXGroup;
			children = (
				7C06D0332B4C6280006FE17E /* TokenizationInteractor.swift */,
			);
			path = Interactor;
			sourceTree = "<group>";
		};
		7C06D0302B4C6269006FE17E /* Core */ = {
			isa = PBXGroup;
			children = (
				7C06D0072B4C4FA5006FE17E /* AppDelegate.swift */,
				7C06D0092B4C4FA5006FE17E /* SceneDelegate.swift */,
				7C06D0122B4C4FA7006FE17E /* LaunchScreen.storyboard */,
			);
			path = Core;
			sourceTree = "<group>";
		};
/* End PBXGroup section */

/* Begin PBXNativeTarget section */
		7C06D0032B4C4FA5006FE17E /* Articula */ = {
			isa = PBXNativeTarget;
			buildConfigurationList = 7C06D0182B4C4FA7006FE17E /* Build configuration list for PBXNativeTarget "Articula" */;
			buildPhases = (
				7C06D0002B4C4FA5006FE17E /* Sources */,
				7C06D0012B4C4FA5006FE17E /* Frameworks */,
				7C06D0022B4C4FA5006FE17E /* Resources */,
			);
			buildRules = (
			);
			dependencies = (
			);
			name = Articula;
			productName = Articula;
			productReference = 7C06D0042B4C4FA5006FE17E /* Articula.app */;
			productType = "com.apple.product-type.application";
		};
/* End PBXNativeTarget section */

/* Begin PBXProject section */
		7C06CFFC2B4C4FA5006FE17E /* Project object */ = {
			isa = PBXProject;
			attributes = {
				BuildIndependentTargetsInParallel = 1;
				LastSwiftUpdateCheck = 1510;
				LastUpgradeCheck = 1510;
				TargetAttributes = {
					7C06D0032B4C4FA5006FE17E = {
						CreatedOnToolsVersion = 15.1;
					};
				};
			};
			buildConfigurationList = 7C06CFFF2B4C4FA5006FE17E /* Build configuration list for PBXProject "Articula" */;
			compatibilityVersion = "Xcode 14.0";
			developmentRegion = en;
			hasScannedForEncodings = 0;
			knownRegions = (
				en,
				Base,
			);
			mainGroup = 7C06CFFB2B4C4FA5006FE17E;
			productRefGroup = 7C06D0052B4C4FA5006FE17E /* Products */;
			projectDirPath = "";
			projectRoot = "";
			targets = (
				7C06D0032B4C4FA5006FE17E /* Articula */,
			);
		};
/* End PBXProject section */

/* Begin PBXResourcesBuildPhase section */
		7C06D0022B4C4FA5006FE17E /* Resources */ = {
			isa = PBXResourcesBuildPhase;
			buildActionMask = 2147483647;
			files = (
				7C06D0142B4C4FA7006FE17E /* LaunchScreen.storyboard in Resources */,
				7C06D0112B4C4FA7006FE17E /* Assets.xcassets in Resources */,
			);
			runOnlyForDeploymentPostprocessing = 0;
		};
/* End PBXResourcesBuildPhase section */

/* Begin PBXSourcesBuildPhase section */
		7C06D0002B4C4FA5006FE17E /* Sources */ = {
			isa = PBXSourcesBuildPhase;
			buildActionMask = 2147483647;
			files = (
				7C06D00C2B4C4FA5006FE17E /* TokenizationViewController.swift in Sources */,
				7C06D02B2B4C61ED006FE17E /* SupportedLanguages.swift in Sources */,
				7C06D0262B4C61ED006FE17E /* Tokenizer.swift in Sources */,
				7C06D0082B4C4FA5006FE17E /* AppDelegate.swift in Sources */,
				7C06D0272B4C61ED006FE17E /* SpanishTokenizers.swift in Sources */,
				7C06D0282B4C61ED006FE17E /* EnglishTokenizers.swift in Sources */,
				7C06D00A2B4C4FA5006FE17E /* SceneDelegate.swift in Sources */,
				7C06D0362B4C7EC2006FE17E /* TokenizationModuleFactory.swift in Sources */,
				7C06D0322B4C6276006FE17E /* TokenizationPresenter.swift in Sources */,
				7C06D02A2B4C61ED006FE17E /* String.swift in Sources */,
				7C06D0292B4C61ED006FE17E /* TokenizationService.swift in Sources */,
				7C06D0342B4C6280006FE17E /* TokenizationInteractor.swift in Sources */,
			);
			runOnlyForDeploymentPostprocessing = 0;
		};
/* End PBXSourcesBuildPhase section */

/* Begin PBXVariantGroup section */
		7C06D0122B4C4FA7006FE17E /* LaunchScreen.storyboard */ = {
			isa = PBXVariantGroup;
			children = (
				7C06D0132B4C4FA7006FE17E /* Base */,
			);
			name = LaunchScreen.storyboard;
			sourceTree = "<group>";
		};
/* End PBXVariantGroup section */

/* Begin XCBuildConfiguration section */
		7C06D0162B4C4FA7006FE17E /* Debug */ = {
			isa = XCBuildConfiguration;
			buildSettings = {
				ALWAYS_SEARCH_USER_PATHS = NO;
				ASSETCATALOG_COMPILER_GENERATE_SWIFT_ASSET_SYMBOL_EXTENSIONS = YES;
				CLANG_ANALYZER_NONNULL = YES;
				CLANG_ANALYZER_NUMBER_OBJECT_CONVERSION = YES_AGGRESSIVE;
				CLANG_CXX_LANGUAGE_STANDARD = "gnu++20";
				CLANG_ENABLE_MODULES = YES;
				CLANG_ENABLE_OBJC_ARC = YES;
				CLANG_ENABLE_OBJC_WEAK = YES;
				CLANG_WARN_BLOCK_CAPTURE_AUTORELEASING = YES;
				CLANG_WARN_BOOL_CONVERSION = YES;
				CLANG_WARN_COMMA = YES;
				CLANG_WARN_CONSTANT_CONVERSION = YES;
				CLANG_WARN_DEPRECATED_OBJC_IMPLEMENTATIONS = YES;
				CLANG_WARN_DIRECT_OBJC_ISA_USAGE = YES_ERROR;
				CLANG_WARN_DOCUMENTATION_COMMENTS = YES;
				CLANG_WARN_EMPTY_BODY = YES;
				CLANG_WARN_ENUM_CONVERSION = YES;
				CLANG_WARN_INFINITE_RECURSION = YES;
				CLANG_WARN_INT_CONVERSION = YES;
				CLANG_WARN_NON_LITERAL_NULL_CONVERSION = YES;
				CLANG_WARN_OBJC_IMPLICIT_RETAIN_SELF = YES;
				CLANG_WARN_OBJC_LITERAL_CONVERSION = YES;
				CLANG_WARN_OBJC_ROOT_CLASS = YES_ERROR;
				CLANG_WARN_QUOTED_INCLUDE_IN_FRAMEWORK_HEADER = YES;
				CLANG_WARN_RANGE_LOOP_ANALYSIS = YES;
				CLANG_WARN_STRICT_PROTOTYPES = YES;
				CLANG_WARN_SUSPICIOUS_MOVE = YES;
				CLANG_WARN_UNGUARDED_AVAILABILITY = YES_AGGRESSIVE;
				CLANG_WARN_UNREACHABLE_CODE = YES;
				CLANG_WARN__DUPLICATE_METHOD_MATCH = YES;
				COPY_PHASE_STRIP = NO;
				DEBUG_INFORMATION_FORMAT = dwarf;
				ENABLE_STRICT_OBJC_MSGSEND = YES;
				ENABLE_TESTABILITY = YES;
				ENABLE_USER_SCRIPT_SANDBOXING = YES;
				GCC_C_LANGUAGE_STANDARD = gnu17;
				GCC_DYNAMIC_NO_PIC = NO;
				GCC_NO_COMMON_BLOCKS = YES;
				GCC_OPTIMIZATION_LEVEL = 0;
				GCC_PREPROCESSOR_DEFINITIONS = (
					"DEBUG=1",
					"$(inherited)",
				);
				GCC_WARN_64_TO_32_BIT_CONVERSION = YES;
				GCC_WARN_ABOUT_RETURN_TYPE = YES_ERROR;
				GCC_WARN_UNDECLARED_SELECTOR = YES;
				GCC_WARN_UNINITIALIZED_AUTOS = YES_AGGRESSIVE;
				GCC_WARN_UNUSED_FUNCTION = YES;
				GCC_WARN_UNUSED_VARIABLE = YES;
				IPHONEOS_DEPLOYMENT_TARGET = 17.2;
				LOCALIZATION_PREFERS_STRING_CATALOGS = YES;
				MTL_ENABLE_DEBUG_INFO = INCLUDE_SOURCE;
				MTL_FAST_MATH = YES;
				ONLY_ACTIVE_ARCH = YES;
				SDKROOT = iphoneos;
				SWIFT_ACTIVE_COMPILATION_CONDITIONS = "DEBUG $(inherited)";
				SWIFT_OPTIMIZATION_LEVEL = "-Onone";
			};
			name = Debug;
		};
		7C06D0172B4C4FA7006FE17E /* Release */ = {
			isa = XCBuildConfiguration;
			buildSettings = {
				ALWAYS_SEARCH_USER_PATHS = NO;
				ASSETCATALOG_COMPILER_GENERATE_SWIFT_ASSET_SYMBOL_EXTENSIONS = YES;
				CLANG_ANALYZER_NONNULL = YES;
				CLANG_ANALYZER_NUMBER_OBJECT_CONVERSION = YES_AGGRESSIVE;
				CLANG_CXX_LANGUAGE_STANDARD = "gnu++20";
				CLANG_ENABLE_MODULES = YES;
				CLANG_ENABLE_OBJC_ARC = YES;
				CLANG_ENABLE_OBJC_WEAK = YES;
				CLANG_WARN_BLOCK_CAPTURE_AUTORELEASING = YES;
				CLANG_WARN_BOOL_CONVERSION = YES;
				CLANG_WARN_COMMA = YES;
				CLANG_WARN_CONSTANT_CONVERSION = YES;
				CLANG_WARN_DEPRECATED_OBJC_IMPLEMENTATIONS = YES;
				CLANG_WARN_DIRECT_OBJC_ISA_USAGE = YES_ERROR;
				CLANG_WARN_DOCUMENTATION_COMMENTS = YES;
				CLANG_WARN_EMPTY_BODY = YES;
				CLANG_WARN_ENUM_CONVERSION = YES;
				CLANG_WARN_INFINITE_RECURSION = YES;
				CLANG_WARN_INT_CONVERSION = YES;
				CLANG_WARN_NON_LITERAL_NULL_CONVERSION = YES;
				CLANG_WARN_OBJC_IMPLICIT_RETAIN_SELF = YES;
				CLANG_WARN_OBJC_LITERAL_CONVERSION = YES;
				CLANG_WARN_OBJC_ROOT_CLASS = YES_ERROR;
				CLANG_WARN_QUOTED_INCLUDE_IN_FRAMEWORK_HEADER = YES;
				CLANG_WARN_RANGE_LOOP_ANALYSIS = YES;
				CLANG_WARN_STRICT_PROTOTYPES = YES;
				CLANG_WARN_SUSPICIOUS_MOVE = YES;
				CLANG_WARN_UNGUARDED_AVAILABILITY = YES_AGGRESSIVE;
				CLANG_WARN_UNREACHABLE_CODE = YES;
				CLANG_WARN__DUPLICATE_METHOD_MATCH = YES;
				COPY_PHASE_STRIP = NO;
				DEBUG_INFORMATION_FORMAT = "dwarf-with-dsym";
				ENABLE_NS_ASSERTIONS = NO;
				ENABLE_STRICT_OBJC_MSGSEND = YES;
				ENABLE_USER_SCRIPT_SANDBOXING = YES;
				GCC_C_LANGUAGE_STANDARD = gnu17;
				GCC_NO_COMMON_BLOCKS = YES;
				GCC_WARN_64_TO_32_BIT_CONVERSION = YES;
				GCC_WARN_ABOUT_RETURN_TYPE = YES_ERROR;
				GCC_WARN_UNDECLARED_SELECTOR = YES;
				GCC_WARN_UNINITIALIZED_AUTOS = YES_AGGRESSIVE;
				GCC_WARN_UNUSED_FUNCTION = YES;
				GCC_WARN_UNUSED_VARIABLE = YES;
				IPHONEOS_DEPLOYMENT_TARGET = 17.2;
				LOCALIZATION_PREFERS_STRING_CATALOGS = YES;
				MTL_ENABLE_DEBUG_INFO = NO;
				MTL_FAST_MATH = YES;
				SDKROOT = iphoneos;
				SWIFT_COMPILATION_MODE = wholemodule;
				VALIDATE_PRODUCT = YES;
			};
			name = Release;
		};
		7C06D0192B4C4FA7006FE17E /* Debug */ = {
			isa = XCBuildConfiguration;
			buildSettings = {
				ASSETCATALOG_COMPILER_APPICON_NAME = AppIcon;
				ASSETCATALOG_COMPILER_GLOBAL_ACCENT_COLOR_NAME = AccentColor;
				CODE_SIGN_STYLE = Automatic;
				CURRENT_PROJECT_VERSION = 1;
				DEVELOPMENT_TEAM = NF6L68DRU6;
				GENERATE_INFOPLIST_FILE = YES;
				INFOPLIST_FILE = Articula/Info.plist;
				INFOPLIST_KEY_UIApplicationSupportsIndirectInputEvents = YES;
				INFOPLIST_KEY_UILaunchStoryboardName = LaunchScreen;
				INFOPLIST_KEY_UIMainStoryboardFile = "";
				INFOPLIST_KEY_UISupportedInterfaceOrientations_iPad = "UIInterfaceOrientationPortrait UIInterfaceOrientationPortraitUpsideDown UIInterfaceOrientationLandscapeLeft UIInterfaceOrientationLandscapeRight";
				INFOPLIST_KEY_UISupportedInterfaceOrientations_iPhone = "UIInterfaceOrientationPortrait UIInterfaceOrientationLandscapeLeft UIInterfaceOrientationLandscapeRight";
				LD_RUNPATH_SEARCH_PATHS = (
					"$(inherited)",
					"@executable_path/Frameworks",
				);
				MARKETING_VERSION = 1.0;
				PRODUCT_BUNDLE_IDENTIFIER = iNoor.Articula;
				PRODUCT_NAME = "$(TARGET_NAME)";
				SWIFT_EMIT_LOC_STRINGS = YES;
				SWIFT_VERSION = 5.0;
				TARGETED_DEVICE_FAMILY = "1,2";
			};
			name = Debug;
		};
		7C06D01A2B4C4FA7006FE17E /* Release */ = {
			isa = XCBuildConfiguration;
			buildSettings = {
				ASSETCATALOG_COMPILER_APPICON_NAME = AppIcon;
				ASSETCATALOG_COMPILER_GLOBAL_ACCENT_COLOR_NAME = AccentColor;
				CODE_SIGN_STYLE = Automatic;
				CURRENT_PROJECT_VERSION = 1;
				DEVELOPMENT_TEAM = NF6L68DRU6;
				GENERATE_INFOPLIST_FILE = YES;
				INFOPLIST_FILE = Articula/Info.plist;
				INFOPLIST_KEY_UIApplicationSupportsIndirectInputEvents = YES;
				INFOPLIST_KEY_UILaunchStoryboardName = LaunchScreen;
				INFOPLIST_KEY_UIMainStoryboardFile = "";
				INFOPLIST_KEY_UISupportedInterfaceOrientations_iPad = "UIInterfaceOrientationPortrait UIInterfaceOrientationPortraitUpsideDown UIInterfaceOrientationLandscapeLeft UIInterfaceOrientationLandscapeRight";
				INFOPLIST_KEY_UISupportedInterfaceOrientations_iPhone = "UIInterfaceOrientationPortrait UIInterfaceOrientationLandscapeLeft UIInterfaceOrientationLandscapeRight";
				LD_RUNPATH_SEARCH_PATHS = (
					"$(inherited)",
					"@executable_path/Frameworks",
				);
				MARKETING_VERSION = 1.0;
				PRODUCT_BUNDLE_IDENTIFIER = iNoor.Articula;
				PRODUCT_NAME = "$(TARGET_NAME)";
				SWIFT_EMIT_LOC_STRINGS = YES;
				SWIFT_VERSION = 5.0;
				TARGETED_DEVICE_FAMILY = "1,2";
			};
			name = Release;
		};
/* End XCBuildConfiguration section */

/* Begin XCConfigurationList section */
		7C06CFFF2B4C4FA5006FE17E /* Build configuration list for PBXProject "Articula" */ = {
			isa = XCConfigurationList;
			buildConfigurations = (
				7C06D0162B4C4FA7006FE17E /* Debug */,
				7C06D0172B4C4FA7006FE17E /* Release */,
			);
			defaultConfigurationIsVisible = 0;
			defaultConfigurationName = Release;
		};
		7C06D0182B4C4FA7006FE17E /* Build configuration list for PBXNativeTarget "Articula" */ = {
			isa = XCConfigurationList;
			buildConfigurations = (
				7C06D0192B4C4FA7006FE17E /* Debug */,
				7C06D01A2B4C4FA7006FE17E /* Release */,
			);
			defaultConfigurationIsVisible = 0;
			defaultConfigurationName = Release;
		};
/* End XCConfigurationList section */
	};
	rootObject = 7C06CFFC2B4C4FA5006FE17E /* Project object */;
}
